
Microsoft Visual Studio Solution File, Format Version 12.00
# Visual Studio Version 18
VisualStudioVersion = 18.8.11912.234
MinimumVisualStudioVersion = 10.0.40219.1
Project("{FAE04EC0-301F-11D3-BF4B-00C04F79EFBC}") = "NNNCSharp.Core", "NNNCSharp\NNNCSharp.Core.csproj", "{820A4656-E673-4A87-ACAC-0E46B0E91DFB}"
EndProject
Project("{FAE04EC0-301F-11D3-BF4B-00C04F79EFBC}") = "NNNTrainer", "NNNTrainer\NNNTrainer.csproj", "{7789B17E-74D7-47CD-ADD9-927C53035D21}"
EndProject
Project("{FAE04EC0-301F-11D3-BF4B-00C04F79EFBC}") = "NNNExplorer", "NNNExplorer\NNNExplorer.csproj", "{4557D4B2-C710-499A-B527-BFAE8ED88DB9}"
EndProject
Project("{FAE04EC0-301F-11D3-BF4B-00C04F79EFBC}") = "NNNDemo", "NNNDemo\NNNDemo.csproj", "{5A3B6842-B72E-4F51-BC0E-C0AD9CDD1BE1}"
EndProject
Project("{FAE04EC0-301F-11D3-BF4B-00C04F79EFBC}") = "NNNTester", "NNNTester\NNNTester.csproj", "{279FEC86-7673-4BA6-8A17-B6680B5E91FF}"
EndProject
Project("{8BC9CEB8-8B4A-11D0-8D11-00A0C91BC942}") = "NNN", "NNN\NNN.vcxproj", "{23E8D500-9900-4025-A6CE-6DC1B5C65F13}"
EndProject
Global
	GlobalSection(SolutionConfigurationPlatforms) = preSolution
		Debug|Any CPU = Debug|Any CPU
		Debug|x64 = Debug|x64
		Debug|x86 = Debug|x86
		Release|Any CPU = Release|Any CPU
		Release|x64 = Release|x64
		Release|x86 = Release|x86
	EndGlobalSection
	GlobalSection(ProjectConfigurationPlatforms) = postSolution
		{820A4656-E673-4A87-ACAC-0E46B0E91DFB}.Debug|Any CPU.ActiveCfg = Debug|Any CPU
		{820A4656-E673-4A87-ACAC-0E46B0E91DFB}.Debug|Any CPU.Build.0 = Debug|Any CPU
		{820A4656-E673-4A87-ACAC-0E46B0E91DFB}.Debug|x64.ActiveCfg = Debug|x64
		{820A4656-E673-4A87-ACAC-0E46B0E91DFB}.Debug|x64.Build.0 = Debug|x64
		{820A4656-E673-4A87-ACAC-0E46B0E91DFB}.Debug|x86.ActiveCfg = Debug|Any CPU
		{820A4656-E673-4A87-ACAC-0E46B0E91DFB}.Debug|x86.Build.0 = Debug|Any CPU
		{820A4656-E673-4A87-ACAC-0E46B0E91DFB}.Release|Any CPU.ActiveCfg = Release|Any CPU
		{820A4656-E673-4A87-ACAC-0E46B0E91DFB}.Release|Any CPU.Build.0 = Release|Any CPU
		{820A4656-E673-4A87-ACAC-0E46B0E91DFB}.Release|x64.ActiveCfg = Release|x64
		{820A4656-E673-4A87-ACAC-0E46B0E91DFB}.Release|x64.Build.0 = Release|x64
		{820A4656-E673-4A87-ACAC-0E46B0E91DFB}.Release|x86.ActiveCfg = Release|Any CPU
		{820A4656-E673-4A87-ACAC-0E46B0E91DFB}.Release|x86.Build.0 = Release|Any CPU
		{7789B17E-74D7-47CD-ADD9-927C53035D21}.Debug|Any CPU.ActiveCfg = Debug|Any CPU
		{7789B17E-74D7-47CD-ADD9-927C53035D21}.Debug|Any CPU.Build.0 = Debug|Any CPU
		{7789B17E-74D7-47CD-ADD9-927C53035D21}.Debug|x64.ActiveCfg = Debug|Any CPU
		{7789B17E-74D7-47CD-ADD9-927C53035D21}.Debug|x64.Build.0 = Debug|Any CPU
		{7789B17E-74D7-47CD-ADD9-927C53035D21}.Debug|x86.ActiveCfg = Debug|Any CPU
		{7789B17E-74D7-47CD-ADD9-927C53035D21}.Debug|x86.Build.0 = Debug|Any CPU
		{7789B17E-74D7-47CD-ADD9-927C53035D21}.Release|Any CPU.ActiveCfg = Release|Any CPU
		{7789B17E-74D7-47CD-ADD9-927C53035D21}.Release|Any CPU.Build.0 = Release|Any CPU
		{7789B17E-74D7-47CD-ADD9-927C53035D21}.Release|x64.ActiveCfg = Release|Any CPU
		{7789B17E-74D7-47CD-ADD9-927C53035D21}.Release|x64.Build.0 = Release|Any CPU
		{7789B17E-74D7-47CD-ADD9-927C53035D21}.Release|x86.ActiveCfg = Release|Any CPU
		{7789B17E-74D7-47CD-ADD9-927C53035D21}.Release|x86.Build.0 = Release|Any CPU
		{4557D4B2-C710-499A-B527-BFAE8ED88DB9}.Debug|Any CPU.ActiveCfg = Debug|Any CPU
		{4557D4B2-C710-499A-B527-BFAE8ED88DB9}.Debug|Any CPU.Build.0 = Debug|Any CPU
		{4557D4B2-C710-499A-B527-BFAE8ED88DB9}.Debug|x64.ActiveCfg = Debug|Any CPU
		{4557D4B2-C710-499A-B527-BFAE8ED88DB9}.Debug|x64.Build.0 = Debug|Any CPU
		{4557D4B2-C710-499A-B527-BFAE8ED88DB9}.Debug|x86.ActiveCfg = Debug|Any CPU
		{4557D4B2-C710-499A-B527-BFAE8ED88DB9}.Debug|x86.Build.0 = Debug|Any CPU
		{4557D4B2-C710-499A-B527-BFAE8ED88DB9}.Release|Any CPU.ActiveCfg = Release|Any CPU
		{4557D4B2-C710-499A-B527-BFAE8ED88DB9}.Release|Any CPU.Build.0 = Release|Any CPU
		{4557D4B2-C710-499A-B527-BFAE8ED88DB9}.Release|x64.ActiveCfg = Release|Any CPU
		{4557D4B2-C710-499A-B527-BFAE8ED88DB9}.Release|x64.Build.0 = Release|Any CPU
		{4557D4B2-C710-499A-B527-BFAE8ED88DB9}.Release|x86.ActiveCfg = Release|Any CPU
		{4557D4B2-C710-499A-B527-BFAE8ED88DB9}.Release|x86.Build.0 = Release|Any CPU
		{5A3B6842-B72E-4F51-BC0E-C0AD9CDD1BE1}.Debug|Any CPU.ActiveCfg = Debug|Any CPU
		{5A3B6842-B72E-4F51-BC0E-C0AD9CDD1BE1}.Debug|Any CPU.Build.0 = Debug|Any CPU
		{5A3B6842-B72E-4F51-BC0E-C0AD9CDD1BE1}.Debug|x64.ActiveCfg = Debug|Any CPU
		{5A3B6842-B72E-4F51-BC0E-C0AD9CDD1BE1}.Debug|x64.Build.0 = Debug|Any CPU
		{5A3B6842-B72E-4F51-BC0E-C0AD9CDD1BE1}.Debug|x86.ActiveCfg = Debug|Any CPU
		{5A3B6842-B72E-4F51-BC0E-C0AD9CDD1BE1}.Debug|x86.Build.0 = Debug|Any CPU
		{5A3B6842-B72E-4F51-BC0E-C0AD9CDD1BE1}.Release|Any CPU.ActiveCfg = Release|Any CPU
		{5A3B6842-B72E-4F51-BC0E-C0AD9CDD1BE1}.Release|Any CPU.Build.0 = Release|Any CPU
		{5A3B6842-B72E-4F51-BC0E-C0AD9CDD1BE1}.Release|x64.ActiveCfg = Release|Any CPU
		{5A3B6842-B72E-4F51-BC0E-C0AD9CDD1BE1}.Release|x64.Build.0 = Release|Any CPU
		{5A3B6842-B72E-4F51-BC0E-C0AD9CDD1BE1}.Release|x86.ActiveCfg = Release|Any CPU
		{5A3B6842-B72E-4F51-BC0E-C0AD9CDD1BE1}.Release|x86.Build.0 = Release|Any CPU
		{279FEC86-7673-4BA6-8A17-B6680B5E91FF}.Debug|Any CPU.ActiveCfg = Debug|Any CPU
		{279FEC86-7673-4BA6-8A17-B6680B5E91FF}.Debug|Any CPU.Build.0 = Debug|Any CPU
		{279FEC86-7673-4BA6-8A17-B6680B5E91FF}.Debug|x64.ActiveCfg = Debug|Any CPU
		{279FEC86-7673-4BA6-8A17-B6680B5E91FF}.Debug|x64.Build.0 = Debug|Any CPU
		{279FEC86-7673-4BA6-8A17-B6680B5E91FF}.Debug|x86.ActiveCfg = Debug|Any CPU
		{279FEC86-7673-4BA6-8A17-B6680B5E91FF}.Debug|x86.Build.0 = Debug|Any CPU
		{279FEC86-7673-4BA6-8A17-B6680B5E91FF}.Release|Any CPU.ActiveCfg = Release|Any CPU
		{279FEC86-7673-4BA6-8A17-B6680B5E91FF}.Release|Any CPU.Build.0 = Release|Any CPU
		{279FEC86-7673-4BA6-8A17-B6680B5E91FF}.Release|x64.ActiveCfg = Release|Any CPU
		{279FEC86-7673-4BA6-8A17-B6680B5E91FF}.Release|x64.Build.0 = Release|Any CPU
		{279FEC86-7673-4BA6-8A17-B6680B5E91FF}.Release|x86.ActiveCfg = Release|Any CPU
		{279FEC86-7673-4BA6-8A17-B6680B5E91FF}.Release|x86.Build.0 = Release|Any CPU
		{23E8D500-9900-4025-A6CE-6DC1B5C65F13}.Debug|Any CPU.ActiveCfg = Debug|x64
		{23E8D500-9900-4025-A6CE-6DC1B5C65F13}.Debug|Any CPU.Build.0 = Debug|x64
		{23E8D500-9900-4025-A6CE-6DC1B5C65F13}.Debug|x64.ActiveCfg = Debug|x64
		{23E8D500-9900-4025-A6CE-6DC1B5C65F13}.Debug|x64.Build.0 = Debug|x64
		{23E8D500-9900-4025-A6CE-6DC1B5C65F13}.Debug|x86.ActiveCfg = Debug|Win32
		{23E8D500-9900-4025-A6CE-6DC1B5C65F13}.Debug|x86.Build.0 = Debug|Win32
		{23E8D500-9900-4025-A6CE-6DC1B5C65F13}.Release|Any CPU.ActiveCfg = Release|x64
		{23E8D500-9900-4025-A6CE-6DC1B5C65F13}.Release|Any CPU.Build.0 = Release|x64
		{23E8D500-9900-4025-A6CE-6DC1B5C65F13}.Release|x64.ActiveCfg = Release|x64
		{23E8D500-9900-4025-A6CE-6DC1B5C65F13}.Release|x64.Build.0 = Release|x64
		{23E8D500-9900-4025-A6CE-6DC1B5C65F13}.Release|x86.ActiveCfg = Release|Win32
		{23E8D500-9900-4025-A6CE-6DC1B5C65F13}.Release|x86.Build.0 = Release|Win32
	EndGlobalSection
	GlobalSection(SolutionProperties) = preSolution
		HideSolutionNode = FALSE
	EndGlobalSection
	GlobalSection(ExtensibilityGlobals) = postSolution
		SolutionGuid = {38B357EE-0D7F-4954-B228-B6FDE625B426}
	EndGlobalSection
EndGlobal
